
Microsoft Visual Studio Solution File, Format Version 12.00
# Visual Studio Version 17
VisualStudioVersion = 17.0.31919.166
MinimumVisualStudioVersion = 10.0.40219.1
Project("{FAE04EC0-301F-11D3-BF4B-00C04F79EFBC}") = "Task_02", "Seminar_08_Homework\Task_02.csproj", "{848F710B-71C3-49D5-8825-41F453B768BB}"
EndProject
Project("{FAE04EC0-301F-11D3-BF4B-00C04F79EFBC}") = "Task_04", "Task_04\Task_04.csproj", "{64EC01A0-3889-4138-84EC-2147811A15BA}"
EndProject
Global
	GlobalSection(SolutionConfigurationPlatforms) = preSolution
		Debug|Any CPU = Debug|Any CPU
		Release|Any CPU = Release|Any CPU
	EndGlobalSection
	GlobalSection(ProjectConfigurationPlatforms) = postSolution
		{848F710B-71C3-49D5-8825-41F453B768BB}.Debug|Any CPU.ActiveCfg = Debug|Any CPU
		{848F710B-71C3-49D5-8825-41F453B768BB}.Debug|Any CPU.Build.0 = Debug|Any CPU
		{848F710B-71C3-49D5-8825-41F453B768BB}.Release|Any CPU.ActiveCfg = Release|Any CPU
		{848F710B-71C3-49D5-8825-41F453B768BB}.Release|Any CPU.Build.0 = Release|Any CPU
		{64EC01A0-3889-4138-84EC-2147811A15BA}.Debug|Any CPU.ActiveCfg = Debug|Any CPU
		{64EC01A0-3889-4138-84EC-2147811A15BA}.Debug|Any CPU.Build.0 = Debug|Any CPU
		{64EC01A0-3889-4138-84EC-2147811A15BA}.Release|Any CPU.ActiveCfg = Release|Any CPU
		{64EC01A0-3889-4138-84EC-2147811A15BA}.Release|Any CPU.Build.0 = Release|Any CPU
	EndGlobalSection
	GlobalSection(SolutionProperties) = preSolution
		HideSolutionNode = FALSE
	EndGlobalSection
	GlobalSection(ExtensibilityGlobals) = postSolution
		SolutionGuid = {16383499-AC9A-47AC-A672-4E5ED7EBC057}
	EndGlobalSection
EndGlobal
