
Microsoft Visual Studio Solution File, Format Version 12.00
# Visual Studio Version 16
VisualStudioVersion = 16.0.31605.320
MinimumVisualStudioVersion = 10.0.40219.1
Project("{FAE04EC0-301F-11D3-BF4B-00C04F79EFBC}") = "семинар 1", "семинар 1\семинар 1.csproj", "{57D69D86-30B5-436E-B755-2B96F2BACC27}"
EndProject
Global
	GlobalSection(SolutionConfigurationPlatforms) = preSolution
		Debug|Any CPU = Debug|Any CPU
		Release|Any CPU = Release|Any CPU
	EndGlobalSection
	GlobalSection(ProjectConfigurationPlatforms) = postSolution
		{57D69D86-30B5-436E-B755-2B96F2BACC27}.Debug|Any CPU.ActiveCfg = Debug|Any CPU
		{57D69D86-30B5-436E-B755-2B96F2BACC27}.Debug|Any CPU.Build.0 = Debug|Any CPU
		{57D69D86-30B5-436E-B755-2B96F2BACC27}.Release|Any CPU.ActiveCfg = Release|Any CPU
		{57D69D86-30B5-436E-B755-2B96F2BACC27}.Release|Any CPU.Build.0 = Release|Any CPU
	EndGlobalSection
	GlobalSection(SolutionProperties) = preSolution
		HideSolutionNode = FALSE
	EndGlobalSection
	GlobalSection(ExtensibilityGlobals) = postSolution
		SolutionGuid = {F20F18BF-B577-45A4-9669-AC36733CD54D}
	EndGlobalSection
EndGlobal
