
Microsoft Visual Studio Solution File, Format Version 12.00
# Visual Studio Version 17
VisualStudioVersion = 17.0.31919.166
MinimumVisualStudioVersion = 10.0.40219.1
Project("{FAE04EC0-301F-11D3-BF4B-00C04F79EFBC}") = "Seminar_07_Homework", "Seminar_07_Homework\Seminar_07_Homework.csproj", "{51019EF2-B1D7-4922-AD88-00993459E4C6}"
EndProject
Global
	GlobalSection(SolutionConfigurationPlatforms) = preSolution
		Debug|Any CPU = Debug|Any CPU
		Release|Any CPU = Release|Any CPU
	EndGlobalSection
	GlobalSection(ProjectConfigurationPlatforms) = postSolution
		{51019EF2-B1D7-4922-AD88-00993459E4C6}.Debug|Any CPU.ActiveCfg = Debug|Any CPU
		{51019EF2-B1D7-4922-AD88-00993459E4C6}.Debug|Any CPU.Build.0 = Debug|Any CPU
		{51019EF2-B1D7-4922-AD88-00993459E4C6}.Release|Any CPU.ActiveCfg = Release|Any CPU
		{51019EF2-B1D7-4922-AD88-00993459E4C6}.Release|Any CPU.Build.0 = Release|Any CPU
	EndGlobalSection
	GlobalSection(SolutionProperties) = preSolution
		HideSolutionNode = FALSE
	EndGlobalSection
	GlobalSection(ExtensibilityGlobals) = postSolution
		SolutionGuid = {B471F42A-F616-443F-A4BA-F6D90681AD19}
	EndGlobalSection
EndGlobal
