
Microsoft Visual Studio Solution File, Format Version 12.00
# Visual Studio Version 17
VisualStudioVersion = 17.0.31919.166
MinimumVisualStudioVersion = 10.0.40219.1
Project("{FAE04EC0-301F-11D3-BF4B-00C04F79EFBC}") = "Task_04", "Task_04\Task_04.csproj", "{8B1EDB0E-30FD-4A43-BA67-A3ED76CEAA6D}"
EndProject
Project("{FAE04EC0-301F-11D3-BF4B-00C04F79EFBC}") = "Task_from40", "Task_from40\Task_from40.csproj", "{CA164A81-D6D5-4D57-8996-BCC2379FF35E}"
EndProject
Global
	GlobalSection(SolutionConfigurationPlatforms) = preSolution
		Debug|Any CPU = Debug|Any CPU
		Release|Any CPU = Release|Any CPU
	EndGlobalSection
	GlobalSection(ProjectConfigurationPlatforms) = postSolution
		{8B1EDB0E-30FD-4A43-BA67-A3ED76CEAA6D}.Debug|Any CPU.ActiveCfg = Debug|Any CPU
		{8B1EDB0E-30FD-4A43-BA67-A3ED76CEAA6D}.Debug|Any CPU.Build.0 = Debug|Any CPU
		{8B1EDB0E-30FD-4A43-BA67-A3ED76CEAA6D}.Release|Any CPU.ActiveCfg = Release|Any CPU
		{8B1EDB0E-30FD-4A43-BA67-A3ED76CEAA6D}.Release|Any CPU.Build.0 = Release|Any CPU
		{CA164A81-D6D5-4D57-8996-BCC2379FF35E}.Debug|Any CPU.ActiveCfg = Debug|Any CPU
		{CA164A81-D6D5-4D57-8996-BCC2379FF35E}.Debug|Any CPU.Build.0 = Debug|Any CPU
		{CA164A81-D6D5-4D57-8996-BCC2379FF35E}.Release|Any CPU.ActiveCfg = Release|Any CPU
		{CA164A81-D6D5-4D57-8996-BCC2379FF35E}.Release|Any CPU.Build.0 = Release|Any CPU
	EndGlobalSection
	GlobalSection(SolutionProperties) = preSolution
		HideSolutionNode = FALSE
	EndGlobalSection
	GlobalSection(ExtensibilityGlobals) = postSolution
		SolutionGuid = {1BA859A8-781B-45BD-9808-3119C9E6B1CE}
	EndGlobalSection
EndGlobal
