
Microsoft Visual Studio Solution File, Format Version 12.00
# Visual Studio Version 16
VisualStudioVersion = 16.0.31605.320
MinimumVisualStudioVersion = 10.0.40219.1
Project("{FAE04EC0-301F-11D3-BF4B-00C04F79EFBC}") = "Homework_4", "Homework_4\Homework_4.csproj", "{51D0494E-8126-47C2-9CAA-52135C423358}"
EndProject
Project("{FAE04EC0-301F-11D3-BF4B-00C04F79EFBC}") = "Homework_4.6", "Homework_4.6\Homework_4.6.csproj", "{A3995594-98B6-4AF1-B1D0-AE8C2DDA1EA2}"
EndProject
Project("{FAE04EC0-301F-11D3-BF4B-00C04F79EFBC}") = "Homework_4.7", "Homework_4.7\Homework_4.7.csproj", "{4BE7953C-BB40-4AF4-AA51-DE54587E6EA8}"
EndProject
Global
	GlobalSection(SolutionConfigurationPlatforms) = preSolution
		Debug|Any CPU = Debug|Any CPU
		Release|Any CPU = Release|Any CPU
	EndGlobalSection
	GlobalSection(ProjectConfigurationPlatforms) = postSolution
		{51D0494E-8126-47C2-9CAA-52135C423358}.Debug|Any CPU.ActiveCfg = Debug|Any CPU
		{51D0494E-8126-47C2-9CAA-52135C423358}.Debug|Any CPU.Build.0 = Debug|Any CPU
		{51D0494E-8126-47C2-9CAA-52135C423358}.Release|Any CPU.ActiveCfg = Release|Any CPU
		{51D0494E-8126-47C2-9CAA-52135C423358}.Release|Any CPU.Build.0 = Release|Any CPU
		{A3995594-98B6-4AF1-B1D0-AE8C2DDA1EA2}.Debug|Any CPU.ActiveCfg = Debug|Any CPU
		{A3995594-98B6-4AF1-B1D0-AE8C2DDA1EA2}.Debug|Any CPU.Build.0 = Debug|Any CPU
		{A3995594-98B6-4AF1-B1D0-AE8C2DDA1EA2}.Release|Any CPU.ActiveCfg = Release|Any CPU
		{A3995594-98B6-4AF1-B1D0-AE8C2DDA1EA2}.Release|Any CPU.Build.0 = Release|Any CPU
		{4BE7953C-BB40-4AF4-AA51-DE54587E6EA8}.Debug|Any CPU.ActiveCfg = Debug|Any CPU
		{4BE7953C-BB40-4AF4-AA51-DE54587E6EA8}.Debug|Any CPU.Build.0 = Debug|Any CPU
		{4BE7953C-BB40-4AF4-AA51-DE54587E6EA8}.Release|Any CPU.ActiveCfg = Release|Any CPU
		{4BE7953C-BB40-4AF4-AA51-DE54587E6EA8}.Release|Any CPU.Build.0 = Release|Any CPU
	EndGlobalSection
	GlobalSection(SolutionProperties) = preSolution
		HideSolutionNode = FALSE
	EndGlobalSection
	GlobalSection(ExtensibilityGlobals) = postSolution
		SolutionGuid = {86E2A7B2-8A37-41E1-A10B-4C622DBB5371}
	EndGlobalSection
EndGlobal
