
Microsoft Visual Studio Solution File, Format Version 12.00
# Visual Studio Version 16
VisualStudioVersion = 16.0.31605.320
MinimumVisualStudioVersion = 10.0.40219.1
Project("{9A19103F-16F7-4668-BE54-9A1E7A4F7556}") = "Homework_1", "Homework_1.csproj", "{35D30C31-A34B-4B60-89D1-A7D9E91BE946}"
EndProject
Project("{9A19103F-16F7-4668-BE54-9A1E7A4F7556}") = "Task02", "..\Task02\Task02.csproj", "{C2E5A0AC-BAEC-43E7-AAEB-DC964CD5C40C}"
EndProject
Project("{FAE04EC0-301F-11D3-BF4B-00C04F79EFBC}") = "ASCIIDecoder", "..\ASCIIDecoder\ASCIIDecoder.csproj", "{478A1B83-C51B-4454-B8C4-8A8E94CE9776}"
EndProject
Project("{FAE04EC0-301F-11D3-BF4B-00C04F79EFBC}") = "Task04", "..\Task04\Task04.csproj", "{378A4443-0712-497A-83F6-29E1A6A9058C}"
EndProject
Project("{FAE04EC0-301F-11D3-BF4B-00C04F79EFBC}") = "Task05", "..\Task05\Task05.csproj", "{2D614802-4FC7-491F-95AC-8FC714BBCCE3}"
EndProject
Global
	GlobalSection(SolutionConfigurationPlatforms) = preSolution
		Debug|Any CPU = Debug|Any CPU
		Release|Any CPU = Release|Any CPU
	EndGlobalSection
	GlobalSection(ProjectConfigurationPlatforms) = postSolution
		{35D30C31-A34B-4B60-89D1-A7D9E91BE946}.Debug|Any CPU.ActiveCfg = Debug|Any CPU
		{35D30C31-A34B-4B60-89D1-A7D9E91BE946}.Debug|Any CPU.Build.0 = Debug|Any CPU
		{35D30C31-A34B-4B60-89D1-A7D9E91BE946}.Release|Any CPU.ActiveCfg = Release|Any CPU
		{35D30C31-A34B-4B60-89D1-A7D9E91BE946}.Release|Any CPU.Build.0 = Release|Any CPU
		{C2E5A0AC-BAEC-43E7-AAEB-DC964CD5C40C}.Debug|Any CPU.ActiveCfg = Debug|Any CPU
		{C2E5A0AC-BAEC-43E7-AAEB-DC964CD5C40C}.Debug|Any CPU.Build.0 = Debug|Any CPU
		{C2E5A0AC-BAEC-43E7-AAEB-DC964CD5C40C}.Release|Any CPU.ActiveCfg = Release|Any CPU
		{C2E5A0AC-BAEC-43E7-AAEB-DC964CD5C40C}.Release|Any CPU.Build.0 = Release|Any CPU
		{478A1B83-C51B-4454-B8C4-8A8E94CE9776}.Debug|Any CPU.ActiveCfg = Debug|Any CPU
		{478A1B83-C51B-4454-B8C4-8A8E94CE9776}.Debug|Any CPU.Build.0 = Debug|Any CPU
		{478A1B83-C51B-4454-B8C4-8A8E94CE9776}.Release|Any CPU.ActiveCfg = Release|Any CPU
		{478A1B83-C51B-4454-B8C4-8A8E94CE9776}.Release|Any CPU.Build.0 = Release|Any CPU
		{378A4443-0712-497A-83F6-29E1A6A9058C}.Debug|Any CPU.ActiveCfg = Debug|Any CPU
		{378A4443-0712-497A-83F6-29E1A6A9058C}.Debug|Any CPU.Build.0 = Debug|Any CPU
		{378A4443-0712-497A-83F6-29E1A6A9058C}.Release|Any CPU.ActiveCfg = Release|Any CPU
		{378A4443-0712-497A-83F6-29E1A6A9058C}.Release|Any CPU.Build.0 = Release|Any CPU
		{2D614802-4FC7-491F-95AC-8FC714BBCCE3}.Debug|Any CPU.ActiveCfg = Debug|Any CPU
		{2D614802-4FC7-491F-95AC-8FC714BBCCE3}.Debug|Any CPU.Build.0 = Debug|Any CPU
		{2D614802-4FC7-491F-95AC-8FC714BBCCE3}.Release|Any CPU.ActiveCfg = Release|Any CPU
		{2D614802-4FC7-491F-95AC-8FC714BBCCE3}.Release|Any CPU.Build.0 = Release|Any CPU
	EndGlobalSection
	GlobalSection(SolutionProperties) = preSolution
		HideSolutionNode = FALSE
	EndGlobalSection
	GlobalSection(ExtensibilityGlobals) = postSolution
		SolutionGuid = {14C746B3-91B7-43C5-B622-BCA07F7BBDF7}
	EndGlobalSection
EndGlobal
