
Microsoft Visual Studio Solution File, Format Version 12.00
# Visual Studio Version 16
VisualStudioVersion = 16.0.31605.320
MinimumVisualStudioVersion = 10.0.40219.1
Project("{FAE04EC0-301F-11D3-BF4B-00C04F79EFBC}") = "Seminar7", "Seminar7.csproj", "{52FF2AD6-DF2F-4425-AC03-687DF61BC998}"
EndProject
Global
	GlobalSection(SolutionConfigurationPlatforms) = preSolution
		Debug|Any CPU = Debug|Any CPU
		Release|Any CPU = Release|Any CPU
	EndGlobalSection
	GlobalSection(ProjectConfigurationPlatforms) = postSolution
		{52FF2AD6-DF2F-4425-AC03-687DF61BC998}.Debug|Any CPU.ActiveCfg = Debug|Any CPU
		{52FF2AD6-DF2F-4425-AC03-687DF61BC998}.Debug|Any CPU.Build.0 = Debug|Any CPU
		{52FF2AD6-DF2F-4425-AC03-687DF61BC998}.Release|Any CPU.ActiveCfg = Release|Any CPU
		{52FF2AD6-DF2F-4425-AC03-687DF61BC998}.Release|Any CPU.Build.0 = Release|Any CPU
	EndGlobalSection
	GlobalSection(SolutionProperties) = preSolution
		HideSolutionNode = FALSE
	EndGlobalSection
	GlobalSection(ExtensibilityGlobals) = postSolution
		SolutionGuid = {19D3F9F2-2C50-4DB1-B061-F06C78AA2B9F}
	EndGlobalSection
EndGlobal
